
Microsoft Visual Studio Solution File, Format Version 12.00
# Visual Studio 15
VisualStudioVersion = 15.0.28010.2036
MinimumVisualStudioVersion = 10.0.40219.1
Project("{FAE04EC0-301F-11D3-BF4B-00C04F79EFBC}") = "Practice_1", "Practice_1\Practice_1.csproj", "{D54A40D5-2AC7-4B4C-9C19-D7B63E62EDFF}"
EndProject
Global
	GlobalSection(SolutionConfigurationPlatforms) = preSolution
		Debug|Any CPU = Debug|Any CPU
		Release|Any CPU = Release|Any CPU
	EndGlobalSection
	GlobalSection(ProjectConfigurationPlatforms) = postSolution
		{D54A40D5-2AC7-4B4C-9C19-D7B63E62EDFF}.Debug|Any CPU.ActiveCfg = Debug|Any CPU
		{D54A40D5-2AC7-4B4C-9C19-D7B63E62EDFF}.Debug|Any CPU.Build.0 = Debug|Any CPU
		{D54A40D5-2AC7-4B4C-9C19-D7B63E62EDFF}.Release|Any CPU.ActiveCfg = Release|Any CPU
		{D54A40D5-2AC7-4B4C-9C19-D7B63E62EDFF}.Release|Any CPU.Build.0 = Release|Any CPU
	EndGlobalSection
	GlobalSection(SolutionProperties) = preSolution
		HideSolutionNode = FALSE
	EndGlobalSection
	GlobalSection(ExtensibilityGlobals) = postSolution
		SolutionGuid = {9B9A7AAD-513F-46C5-8339-B966C358EF58}
	EndGlobalSection
EndGlobal
